
Microsoft Visual Studio Solution File, Format Version 12.00
# Visual Studio Version 16
VisualStudioVersion = 16.0.31019.35
MinimumVisualStudioVersion = 10.0.40219.1
Project("{9A19103F-16F7-4668-BE54-9A1E7A4F7556}") = "HostedServiceWorker", "src\HostedServiceWorker\HostedServiceWorker.csproj", "{C7CE782A-F5C6-4D7C-AADD-2D1CC47EF448}"
EndProject
Project("{FAE04EC0-301F-11D3-BF4B-00C04F79EFBC}") = "WorkerService", "src\WorkerService\WorkerService.csproj", "{BC10B9F1-4BC8-491F-A92B-565C8E38103D}"
EndProject
Project("{FAE04EC0-301F-11D3-BF4B-00C04F79EFBC}") = "HostedService.Common", "src\HostedService.Common\HostedService.Common.csproj", "{F7FC6E9C-71CB-4A23-89CD-5B71434677EC}"
EndProject
Global
	GlobalSection(SolutionConfigurationPlatforms) = preSolution
		Debug|Any CPU = Debug|Any CPU
		Release|Any CPU = Release|Any CPU
	EndGlobalSection
	GlobalSection(ProjectConfigurationPlatforms) = postSolution
		{C7CE782A-F5C6-4D7C-AADD-2D1CC47EF448}.Debug|Any CPU.ActiveCfg = Debug|Any CPU
		{C7CE782A-F5C6-4D7C-AADD-2D1CC47EF448}.Debug|Any CPU.Build.0 = Debug|Any CPU
		{C7CE782A-F5C6-4D7C-AADD-2D1CC47EF448}.Release|Any CPU.ActiveCfg = Release|Any CPU
		{C7CE782A-F5C6-4D7C-AADD-2D1CC47EF448}.Release|Any CPU.Build.0 = Release|Any CPU
		{BC10B9F1-4BC8-491F-A92B-565C8E38103D}.Debug|Any CPU.ActiveCfg = Debug|Any CPU
		{BC10B9F1-4BC8-491F-A92B-565C8E38103D}.Debug|Any CPU.Build.0 = Debug|Any CPU
		{BC10B9F1-4BC8-491F-A92B-565C8E38103D}.Release|Any CPU.ActiveCfg = Release|Any CPU
		{BC10B9F1-4BC8-491F-A92B-565C8E38103D}.Release|Any CPU.Build.0 = Release|Any CPU
		{F7FC6E9C-71CB-4A23-89CD-5B71434677EC}.Debug|Any CPU.ActiveCfg = Debug|Any CPU
		{F7FC6E9C-71CB-4A23-89CD-5B71434677EC}.Debug|Any CPU.Build.0 = Debug|Any CPU
		{F7FC6E9C-71CB-4A23-89CD-5B71434677EC}.Release|Any CPU.ActiveCfg = Release|Any CPU
		{F7FC6E9C-71CB-4A23-89CD-5B71434677EC}.Release|Any CPU.Build.0 = Release|Any CPU
	EndGlobalSection
	GlobalSection(SolutionProperties) = preSolution
		HideSolutionNode = FALSE
	EndGlobalSection
	GlobalSection(ExtensibilityGlobals) = postSolution
		SolutionGuid = {1A7D9C7D-D3C3-4DFB-BAAD-AA5872F637D8}
	EndGlobalSection
EndGlobal
